{
  "nodes": {
    "base16": {
      "inputs": {
        "fromYaml": "fromYaml"
      },
      "locked": {
        "lastModified": 1755819240,
        "narHash": "sha256-qcMhnL7aGAuFuutH4rq9fvAhCpJWVHLcHVZLtPctPlo=",
        "owner": "SenchoPens",
        "repo": "base16.nix",
        "rev": "75ed5e5e3fce37df22e49125181fa37899c3ccd6",
        "type": "github"
      },
      "original": {
        "owner": "SenchoPens",
        "repo": "base16.nix",
        "type": "github"
      }
    },
    "binary-ninja": {
      "inputs": {
        "flake-utils": "flake-utils",
        "nixpkgs": [
          "nixpkgs"
        ]
      },
      "locked": {
        "lastModified": 1778979902,
        "narHash": "sha256-Mj3vMV5v2X9RgKTylbBLZyd/S0S6vpf/gjHKjbTWI4Q=",
        "owner": "jchv",
        "repo": "nix-binary-ninja",
        "rev": "dc8bcb909dd20dea6d6157771afc1e25b62d4041",
        "type": "github"
      },
      "original": {
        "owner": "jchv",
        "repo": "nix-binary-ninja",
        "type": "github"
      }
    },
    "claude-code": {
      "inputs": {
        "flake-utils": "flake-utils_2",
        "nixpkgs": "nixpkgs"
      },
      "locked": {
        "lastModified": 1779154596,
        "narHash": "sha256-8h0XlcKJ/Xns4gYiE+aqZHBPWetSSO2tDXeTdBwchlc=",
        "owner": "sadjow",
        "repo": "claude-code-nix",
        "rev": "0a5c2634872cd6343691e1a9093e2849dc039e7f",
        "type": "github"
      },
      "original": {
        "owner": "sadjow",
        "repo": "claude-code-nix",
        "type": "github"
      }
    },
    "codex-cli": {
      "inputs": {
        "flake-utils": "flake-utils_3",
        "nixpkgs": "nixpkgs_2"
      },
      "locked": {
        "lastModified": 1779132996,
        "narHash": "sha256-kFxdb7fMqtry1u3y760/W0KLaC0UCuvHksIe6o4ySSw=",
        "owner": "sadjow",
        "repo": "codex-cli-nix",
        "rev": "626d39797c8d7c100d03f4391decdb036164af0a",
        "type": "github"
      },
      "original": {
        "owner": "sadjow",
        "repo": "codex-cli-nix",
        "type": "github"
      }
    },
    "crane": {
      "locked": {
        "lastModified": 1779041105,
        "narHash": "sha256-nnGD2f8OlAZT2i5OfwikJsw+ifWfiA4d6A8BWlgOXV0=",
        "owner": "ipetkov",
        "repo": "crane",
        "rev": "10e6e3cb966f7cfcc789fe5eee7a85f3188ce08b",
        "type": "github"
      },
      "original": {
        "owner": "ipetkov",
        "repo": "crane",
        "type": "github"
      }
    },
    "deploy-rs": {
      "inputs": {
        "flake-compat": "flake-compat",
        "nixpkgs": [
          "nixpkgs"
        ],
        "utils": "utils"
      },
      "locked": {
        "lastModified": 1770019181,
        "narHash": "sha256-hwsYgDnby50JNVpTRYlF3UR/Rrpt01OrxVuryF40CFY=",
        "owner": "serokell",
        "repo": "deploy-rs",
        "rev": "77c906c0ba56aabdbc72041bf9111b565cdd6171",
        "type": "github"
      },
      "original": {
        "owner": "serokell",
        "repo": "deploy-rs",
        "type": "github"
      }
    },
    "disko": {
      "inputs": {
        "nixpkgs": [
          "nixpkgs"
        ]
      },
      "locked": {
        "lastModified": 1779135526,
        "narHash": "sha256-glCununz6lmaK5fs2X946HA3EkNxB2JagdAAvInuRYU=",
        "owner": "nix-community",
        "repo": "disko",
        "rev": "d405a179887d52b24c0ddd31e09a150bd1f66779",
        "type": "github"
      },
      "original": {
        "owner": "nix-community",
        "repo": "disko",
        "type": "github"
      }
    },
    "flake-compat": {
      "flake": false,
      "locked": {
        "lastModified": 1733328505,
        "narHash": "sha256-NeCCThCEP3eCl2l/+27kNNK7QrwZB1IJCrXfrbv5oqU=",
        "owner": "edolstra",
        "repo": "flake-compat",
        "rev": "ff81ac966bb2cae68946d5ed5fc4994f96d0ffec",
        "type": "github"
      },
      "original": {
        "owner": "edolstra",
        "repo": "flake-compat",
        "type": "github"
      }
    },
    "flake-compat_2": {
      "flake": false,
      "locked": {
        "lastModified": 1767039857,
        "narHash": "sha256-vNpUSpF5Nuw8xvDLj2KCwwksIbjua2LZCqhV1LNRDns=",
        "owner": "NixOS",
        "repo": "flake-compat",
        "rev": "5edf11c44bc78a0d334f6334cdaf7d60d732daab",
        "type": "github"
      },
      "original": {
        "owner": "NixOS",
        "repo": "flake-compat",
        "type": "github"
      }
    },
    "flake-compat_3": {
      "locked": {
        "lastModified": 1733328505,
        "narHash": "sha256-NeCCThCEP3eCl2l/+27kNNK7QrwZB1IJCrXfrbv5oqU=",
        "rev": "ff81ac966bb2cae68946d5ed5fc4994f96d0ffec",
        "revCount": 69,
        "type": "tarball",
        "url": "https://api.flakehub.com/f/pinned/edolstra/flake-compat/1.1.0/01948eb7-9cba-704f-bbf3-3fa956735b52/source.tar.gz"
      },
      "original": {
        "type": "tarball",
        "url": "https://flakehub.com/f/edolstra/flake-compat/1.tar.gz"
      }
    },
    "flake-compat_4": {
      "locked": {
        "lastModified": 1747046372,
        "narHash": "sha256-CIVLLkVgvHYbgI2UpXvIIBJ12HWgX+fjA8Xf8PUmqCY=",
        "owner": "edolstra",
        "repo": "flake-compat",
        "rev": "9100a0f413b0c601e0533d1d94ffd501ce2e7885",
        "type": "github"
      },
      "original": {
        "owner": "edolstra",
        "repo": "flake-compat",
        "type": "github"
      }
    },
    "flake-parts": {
      "inputs": {
        "nixpkgs-lib": "nixpkgs-lib"
      },
      "locked": {
        "lastModified": 1778716662,
        "narHash": "sha256-m1Yf0wZ8j1OHjTc2UwHwyQRSnNeSgLJOd7q5Y45hzi4=",
        "owner": "hercules-ci",
        "repo": "flake-parts",
        "rev": "f7c1a2d347e4c52d5fb8d10cb4d94b5884e546fb",
        "type": "github"
      },
      "original": {
        "owner": "hercules-ci",
        "repo": "flake-parts",
        "type": "github"
      }
    },
    "flake-parts_2": {
      "inputs": {
        "nixpkgs-lib": "nixpkgs-lib_2"
      },
      "locked": {
        "lastModified": 1778716662,
        "narHash": "sha256-m1Yf0wZ8j1OHjTc2UwHwyQRSnNeSgLJOd7q5Y45hzi4=",
        "owner": "hercules-ci",
        "repo": "flake-parts",
        "rev": "f7c1a2d347e4c52d5fb8d10cb4d94b5884e546fb",
        "type": "github"
      },
      "original": {
        "owner": "hercules-ci",
        "repo": "flake-parts",
        "type": "github"
      }
    },
    "flake-parts_3": {
      "inputs": {
        "nixpkgs-lib": [
          "nixvim",
          "nixpkgs"
        ]
      },
      "locked": {
        "lastModified": 1778716662,
        "narHash": "sha256-m1Yf0wZ8j1OHjTc2UwHwyQRSnNeSgLJOd7q5Y45hzi4=",
        "owner": "hercules-ci",
        "repo": "flake-parts",
        "rev": "f7c1a2d347e4c52d5fb8d10cb4d94b5884e546fb",
        "type": "github"
      },
      "original": {
        "owner": "hercules-ci",
        "repo": "flake-parts",
        "type": "github"
      }
    },
    "flake-utils": {
      "inputs": {
        "systems": "systems"
      },
      "locked": {
        "lastModified": 1731533236,
        "narHash": "sha256-l0KFg5HjrsfsO/JpG+r7fRrqm12kzFHyUHqHCVpMMbI=",
        "owner": "numtide",
        "repo": "flake-utils",
        "rev": "11707dc2f618dd54ca8739b309ec4fc024de578b",
        "type": "github"
      },
      "original": {
        "owner": "numtide",
        "repo": "flake-utils",
        "type": "github"
      }
    },
    "flake-utils_2": {
      "inputs": {
        "systems": "systems_2"
      },
      "locked": {
        "lastModified": 1731533236,
        "narHash": "sha256-l0KFg5HjrsfsO/JpG+r7fRrqm12kzFHyUHqHCVpMMbI=",
        "owner": "numtide",
        "repo": "flake-utils",
        "rev": "11707dc2f618dd54ca8739b309ec4fc024de578b",
        "type": "github"
      },
      "original": {
        "owner": "numtide",
        "repo": "flake-utils",
        "type": "github"
      }
    },
    "flake-utils_3": {
      "inputs": {
        "systems": "systems_3"
      },
      "locked": {
        "lastModified": 1731533236,
        "narHash": "sha256-l0KFg5HjrsfsO/JpG+r7fRrqm12kzFHyUHqHCVpMMbI=",
        "owner": "numtide",
        "repo": "flake-utils",
        "rev": "11707dc2f618dd54ca8739b309ec4fc024de578b",
        "type": "github"
      },
      "original": {
        "owner": "numtide",
        "repo": "flake-utils",
        "type": "github"
      }
    },
    "flake-utils_4": {
      "inputs": {
        "systems": "systems_5"
      },
      "locked": {
        "lastModified": 1731533236,
        "narHash": "sha256-l0KFg5HjrsfsO/JpG+r7fRrqm12kzFHyUHqHCVpMMbI=",
        "owner": "numtide",
        "repo": "flake-utils",
        "rev": "11707dc2f618dd54ca8739b309ec4fc024de578b",
        "type": "github"
      },
      "original": {
        "owner": "numtide",
        "repo": "flake-utils",
        "type": "github"
      }
    },
    "fromYaml": {
      "flake": false,
      "locked": {
        "lastModified": 1731966426,
        "narHash": "sha256-lq95WydhbUTWig/JpqiB7oViTcHFP8Lv41IGtayokA8=",
        "owner": "SenchoPens",
        "repo": "fromYaml",
        "rev": "106af9e2f715e2d828df706c386a685698f3223b",
        "type": "github"
      },
      "original": {
        "owner": "SenchoPens",
        "repo": "fromYaml",
        "type": "github"
      }
    },
    "gitignore": {
      "inputs": {
        "nixpkgs": [
          "lanzaboote",
          "pre-commit",
          "nixpkgs"
        ]
      },
      "locked": {
        "lastModified": 1709087332,
        "narHash": "sha256-HG2cCnktfHsKV0s4XW83gU3F57gaTljL9KNSuG6bnQs=",
        "owner": "hercules-ci",
        "repo": "gitignore.nix",
        "rev": "637db329424fd7e46cf4185293b9cc8c88c95394",
        "type": "github"
      },
      "original": {
        "owner": "hercules-ci",
        "repo": "gitignore.nix",
        "type": "github"
      }
    },
    "home-manager": {
      "inputs": {
        "nixpkgs": [
          "nixpkgs"
        ]
      },
      "locked": {
        "lastModified": 1779157263,
        "narHash": "sha256-VbiyZkRf8/qr7ObmlyfOHJsNAW5tyZ4MB1+cUwAwdrw=",
        "owner": "nix-community",
        "repo": "home-manager",
        "rev": "866412a19866b4a8e32d2306a118040afa2b840c",
        "type": "github"
      },
      "original": {
        "owner": "nix-community",
        "repo": "home-manager",
        "type": "github"
      }
    },
    "home-manager_2": {
      "inputs": {
        "nixpkgs": [
          "impermanence",
          "nixpkgs"
        ]
      },
      "locked": {
        "lastModified": 1768598210,
        "narHash": "sha256-kkgA32s/f4jaa4UG+2f8C225Qvclxnqs76mf8zvTVPg=",
        "owner": "nix-community",
        "repo": "home-manager",
        "rev": "c47b2cc64a629f8e075de52e4742de688f930dc6",
        "type": "github"
      },
      "original": {
        "owner": "nix-community",
        "repo": "home-manager",
        "type": "github"
      }
    },
    "home-manager_3": {
      "inputs": {
        "nixpkgs": [
          "zen-browser",
          "nixpkgs"
        ]
      },
      "locked": {
        "lastModified": 1778805320,
        "narHash": "sha256-nGFJ01m2CTBKD4ABtcY4vLhHrRN91LKr/pn41PcU78A=",
        "owner": "nix-community",
        "repo": "home-manager",
        "rev": "9846abe15e7d0d36b8acbd4d05f2b87461744c92",
        "type": "github"
      },
      "original": {
        "owner": "nix-community",
        "repo": "home-manager",
        "type": "github"
      }
    },
    "ida-pro": {
      "inputs": {
        "flake-utils": "flake-utils_4",
        "nixpkgs": [
          "nixpkgs"
        ]
      },
      "locked": {
        "lastModified": 1775368414,
        "narHash": "sha256-osr5ypKNQkfSxYAq11NweoDLzgri9xKeVYw4W03755A=",
        "owner": "Mewski",
        "repo": "nix-ida-pro",
        "rev": "fc087b5616a0e8c1cd5e25b08feb3057e4d87b44",
        "type": "github"
      },
      "original": {
        "owner": "Mewski",
        "repo": "nix-ida-pro",
        "type": "github"
      }
    },
    "impermanence": {
      "inputs": {
        "home-manager": "home-manager_2",
        "nixpkgs": "nixpkgs_3"
      },
      "locked": {
        "lastModified": 1769548169,
        "narHash": "sha256-03+JxvzmfwRu+5JafM0DLbxgHttOQZkUtDWBmeUkN8Y=",
        "owner": "nix-community",
        "repo": "impermanence",
        "rev": "7b1d382faf603b6d264f58627330f9faa5cba149",
        "type": "github"
      },
      "original": {
        "owner": "nix-community",
        "repo": "impermanence",
        "type": "github"
      }
    },
    "import-tree": {
      "locked": {
        "lastModified": 1778781969,
        "narHash": "sha256-Jjuz5CmSkur8KvLDoGa+vylEp+RkQtv4mt/qcMznpH0=",
        "owner": "vic",
        "repo": "import-tree",
        "rev": "d321337efd0f23a9eb14a42adb7b2c29313ab274",
        "type": "github"
      },
      "original": {
        "owner": "vic",
        "repo": "import-tree",
        "type": "github"
      }
    },
    "installers": {
      "flake": false,
      "locked": {
        "lastModified": 1776465207,
        "narHash": "sha256-mPd97k59n+TE94blyR5cmGS4NPZYX70/ew7vuRiVOis=",
        "path": "/home/mewski/.nixos-config/installers",
        "type": "path"
      },
      "original": {
        "path": "/home/mewski/.nixos-config/installers",
        "type": "path"
      }
    },
    "lanzaboote": {
      "inputs": {
        "crane": "crane",
        "nixpkgs": [
          "nixpkgs"
        ],
        "pre-commit": "pre-commit",
        "rust-overlay": "rust-overlay"
      },
      "locked": {
        "lastModified": 1779135966,
        "narHash": "sha256-FHKdAxS5TJ0mdNS/9YuIam7NGtzEXVggLEWQ00Q31yc=",
        "owner": "nix-community",
        "repo": "lanzaboote",
        "rev": "b7e492b90bcae5e9d9cb0a1d4d1e6100305de2c5",
        "type": "github"
      },
      "original": {
        "owner": "nix-community",
        "repo": "lanzaboote",
        "type": "github"
      }
    },
    "niri": {
      "inputs": {
        "niri-stable": "niri-stable",
        "niri-unstable": "niri-unstable",
        "nixpkgs": [
          "nixpkgs"
        ],
        "nixpkgs-stable": "nixpkgs-stable",
        "xwayland-satellite-stable": "xwayland-satellite-stable",
        "xwayland-satellite-unstable": "xwayland-satellite-unstable"
      },
      "locked": {
        "lastModified": 1778942403,
        "narHash": "sha256-SPCWvqeVySTNUgX/shARpRl5fi/NnkObUgDGR/Aco4c=",
        "owner": "sodiboo",
        "repo": "niri-flake",
        "rev": "daefca3370581223fedc24d0101c4915a3689f9e",
        "type": "github"
      },
      "original": {
        "owner": "sodiboo",
        "repo": "niri-flake",
        "type": "github"
      }
    },
    "niri-stable": {
      "flake": false,
      "locked": {
        "lastModified": 1756556321,
        "narHash": "sha256-RLD89dfjN0RVO86C/Mot0T7aduCygPGaYbog566F0Qo=",
        "owner": "YaLTeR",
        "repo": "niri",
        "rev": "01be0e65f4eb91a9cd624ac0b76aaeab765c7294",
        "type": "github"
      },
      "original": {
        "owner": "YaLTeR",
        "ref": "v25.08",
        "repo": "niri",
        "type": "github"
      }
    },
    "niri-unstable": {
      "flake": false,
      "locked": {
        "lastModified": 1778858756,
        "narHash": "sha256-9VvAHNoi2wd0fxLfJOPChZMS7l6rhCtAJmpd59Hv5rw=",
        "owner": "YaLTeR",
        "repo": "niri",
        "rev": "cd5ac3e5e04bb5a11276d3c755fa25242818e05f",
        "type": "github"
      },
      "original": {
        "owner": "YaLTeR",
        "repo": "niri",
        "type": "github"
      }
    },
    "nix-flatpak": {
      "locked": {
        "lastModified": 1777402031,
        "narHash": "sha256-6gkfl9y3+ti0Z6dgby8/R4/DRT8sWU0I0TLCIxwWtjk=",
        "owner": "gmodena",
        "repo": "nix-flatpak",
        "rev": "22a3adbe7c5c8c8a10a635d32c9ef7fc01a6e4b8",
        "type": "github"
      },
      "original": {
        "owner": "gmodena",
        "repo": "nix-flatpak",
        "type": "github"
      }
    },
    "nix-index-database": {
      "inputs": {
        "nixpkgs": [
          "nixpkgs"
        ]
      },
      "locked": {
        "lastModified": 1778999127,
        "narHash": "sha256-V5GquqJvAqwFTcpN6hxKSQAtwuJFRUEHmyNKbeaTQDg=",
        "owner": "nix-community",
        "repo": "nix-index-database",
        "rev": "f680e0d3c1dbefe298c423691662e238496890f2",
        "type": "github"
      },
      "original": {
        "owner": "nix-community",
        "repo": "nix-index-database",
        "type": "github"
      }
    },
    "nixcord": {
      "inputs": {
        "flake-compat": "flake-compat_3",
        "flake-parts": "flake-parts_2",
        "nixpkgs": "nixpkgs_4",
        "nixpkgs-nixcord": "nixpkgs-nixcord"
      },
      "locked": {
        "lastModified": 1779182885,
        "narHash": "sha256-tYOv920KWAuyAHPqYJIhxE47YPKvbkxWznrpP79tmWE=",
        "owner": "kaylorben",
        "repo": "nixcord",
        "rev": "b65d10c8aed22519395cb0464a5774333581d956",
        "type": "github"
      },
      "original": {
        "owner": "kaylorben",
        "repo": "nixcord",
        "type": "github"
      }
    },
    "nixos-hardware": {
      "locked": {
        "lastModified": 1779099457,
        "narHash": "sha256-u73aVD/lUmmT3JV+kPDztl7zPwQKd0eobD1AbJltaGs=",
        "owner": "NixOS",
        "repo": "nixos-hardware",
        "rev": "8792fab9d4a6454a9201675f01326f827ce35ead",
        "type": "github"
      },
      "original": {
        "owner": "NixOS",
        "repo": "nixos-hardware",
        "type": "github"
      }
    },
    "nixpkgs": {
      "locked": {
        "lastModified": 1778869304,
        "narHash": "sha256-30sZNZoA1cqF5JNO9fVX+wgiQYjB7HJqqJ4ztCDeBZE=",
        "owner": "NixOS",
        "repo": "nixpkgs",
        "rev": "d233902339c02a9c334e7e593de68855ad26c4cb",
        "type": "github"
      },
      "original": {
        "owner": "NixOS",
        "ref": "nixpkgs-unstable",
        "repo": "nixpkgs",
        "type": "github"
      }
    },
    "nixpkgs-lib": {
      "locked": {
        "lastModified": 1777168982,
        "narHash": "sha256-GOkGPcboWE9BmGCRMLX3worL4EMnsnG8MyKmXNeYuhQ=",
        "owner": "nix-community",
        "repo": "nixpkgs.lib",
        "rev": "f5901329dade4a6ea039af1433fb087bd9c1fe14",
        "type": "github"
      },
      "original": {
        "owner": "nix-community",
        "repo": "nixpkgs.lib",
        "type": "github"
      }
    },
    "nixpkgs-lib_2": {
      "locked": {
        "lastModified": 1777168982,
        "narHash": "sha256-GOkGPcboWE9BmGCRMLX3worL4EMnsnG8MyKmXNeYuhQ=",
        "owner": "nix-community",
        "repo": "nixpkgs.lib",
        "rev": "f5901329dade4a6ea039af1433fb087bd9c1fe14",
        "type": "github"
      },
      "original": {
        "owner": "nix-community",
        "repo": "nixpkgs.lib",
        "type": "github"
      }
    },
    "nixpkgs-libvncserver": {
      "locked": {
        "lastModified": 1750111231,
        "narHash": "sha256-3a7Tha/RwYlzH/v3PJrG7+HjOj4c6YOv2K8sqdGsHVQ=",
        "owner": "NixOS",
        "repo": "nixpkgs",
        "rev": "e6f23dc08d3624daab7094b701aa3954923c6bbb",
        "type": "github"
      },
      "original": {
        "owner": "NixOS",
        "repo": "nixpkgs",
        "rev": "e6f23dc08d3624daab7094b701aa3954923c6bbb",
        "type": "github"
      }
    },
    "nixpkgs-nixcord": {
      "locked": {
        "lastModified": 1778737229,
        "narHash": "sha256-6xWoytx8jFW4PF1GjRm/i/53trbpKGfz6zjzQGBr4cI=",
        "owner": "NixOS",
        "repo": "nixpkgs",
        "rev": "d7a713c0b7e47c908258e71cba7a2d77cc8d71d5",
        "type": "github"
      },
      "original": {
        "owner": "NixOS",
        "ref": "nixos-25.11",
        "repo": "nixpkgs",
        "type": "github"
      }
    },
    "nixpkgs-stable": {
      "locked": {
        "lastModified": 1778737229,
        "narHash": "sha256-6xWoytx8jFW4PF1GjRm/i/53trbpKGfz6zjzQGBr4cI=",
        "owner": "NixOS",
        "repo": "nixpkgs",
        "rev": "d7a713c0b7e47c908258e71cba7a2d77cc8d71d5",
        "type": "github"
      },
      "original": {
        "owner": "NixOS",
        "ref": "nixos-25.11",
        "repo": "nixpkgs",
        "type": "github"
      }
    },
    "nixpkgs-stable_2": {
      "locked": {
        "lastModified": 1778737229,
        "narHash": "sha256-6xWoytx8jFW4PF1GjRm/i/53trbpKGfz6zjzQGBr4cI=",
        "owner": "nixos",
        "repo": "nixpkgs",
        "rev": "d7a713c0b7e47c908258e71cba7a2d77cc8d71d5",
        "type": "github"
      },
      "original": {
        "owner": "nixos",
        "ref": "nixos-25.11",
        "repo": "nixpkgs",
        "type": "github"
      }
    },
    "nixpkgs-stable_3": {
      "locked": {
        "lastModified": 1769318308,
        "narHash": "sha256-Mjx6p96Pkefks3+aA+72lu1xVehb6mv2yTUUqmSet6Q=",
        "owner": "NixOS",
        "repo": "nixpkgs",
        "rev": "1cd347bf3355fce6c64ab37d3967b4a2cb4b878c",
        "type": "github"
      },
      "original": {
        "owner": "NixOS",
        "ref": "nixos-25.11",
        "repo": "nixpkgs",
        "type": "github"
      }
    },
    "nixpkgs_2": {
      "locked": {
        "lastModified": 1778869304,
        "narHash": "sha256-30sZNZoA1cqF5JNO9fVX+wgiQYjB7HJqqJ4ztCDeBZE=",
        "owner": "NixOS",
        "repo": "nixpkgs",
        "rev": "d233902339c02a9c334e7e593de68855ad26c4cb",
        "type": "github"
      },
      "original": {
        "owner": "NixOS",
        "ref": "nixpkgs-unstable",
        "repo": "nixpkgs",
        "type": "github"
      }
    },
    "nixpkgs_3": {
      "locked": {
        "lastModified": 1768564909,
        "narHash": "sha256-Kell/SpJYVkHWMvnhqJz/8DqQg2b6PguxVWOuadbHCc=",
        "owner": "nixos",
        "repo": "nixpkgs",
        "rev": "e4bae1bd10c9c57b2cf517953ab70060a828ee6f",
        "type": "github"
      },
      "original": {
        "owner": "nixos",
        "ref": "nixos-unstable",
        "repo": "nixpkgs",
        "type": "github"
      }
    },
    "nixpkgs_4": {
      "locked": {
        "lastModified": 1778737229,
        "narHash": "sha256-6xWoytx8jFW4PF1GjRm/i/53trbpKGfz6zjzQGBr4cI=",
        "owner": "NixOS",
        "repo": "nixpkgs",
        "rev": "d7a713c0b7e47c908258e71cba7a2d77cc8d71d5",
        "type": "github"
      },
      "original": {
        "owner": "NixOS",
        "ref": "nixos-25.11",
        "repo": "nixpkgs",
        "type": "github"
      }
    },
    "nixpkgs_5": {
      "locked": {
        "lastModified": 1778869304,
        "narHash": "sha256-30sZNZoA1cqF5JNO9fVX+wgiQYjB7HJqqJ4ztCDeBZE=",
        "owner": "nixos",
        "repo": "nixpkgs",
        "rev": "d233902339c02a9c334e7e593de68855ad26c4cb",
        "type": "github"
      },
      "original": {
        "owner": "nixos",
        "ref": "nixos-unstable",
        "repo": "nixpkgs",
        "type": "github"
      }
    },
    "nixpkgs_6": {
      "locked": {
        "lastModified": 1776683584,
        "narHash": "sha256-NuTLMrr10Tng72hurYG8jYQ4XKK8wnpJmOGcPiis96g=",
        "owner": "NixOS",
        "repo": "nixpkgs",
        "rev": "9dd5558b06dbdacbf635a3dd36dce1b1a7ee3a89",
        "type": "github"
      },
      "original": {
        "owner": "NixOS",
        "ref": "nixpkgs-unstable",
        "repo": "nixpkgs",
        "type": "github"
      }
    },
    "nixpkgs_7": {
      "locked": {
        "lastModified": 1769861202,
        "narHash": "sha256-JwhbEHmbFFH754loOPbpjPHf9EAi+oMm2RsFXnlbt1g=",
        "owner": "NixOS",
        "repo": "nixpkgs",
        "rev": "f214de98544a6acf0d9917ba265ac50849048fcb",
        "type": "github"
      },
      "original": {
        "owner": "NixOS",
        "ref": "nixpkgs-unstable",
        "repo": "nixpkgs",
        "type": "github"
      }
    },
    "nixvim": {
      "inputs": {
        "flake-parts": "flake-parts_3",
        "nixpkgs": [
          "nixpkgs"
        ],
        "systems": "systems_6"
      },
      "locked": {
        "lastModified": 1779189454,
        "narHash": "sha256-3U6d/F0+bE8B9EU3aq1Kmf08SOMCX0vL//mK2Fvj6aE=",
        "owner": "nix-community",
        "repo": "nixvim",
        "rev": "3643cc52c29e3c7d28be560f70476bc1aed47e4c",
        "type": "github"
      },
      "original": {
        "owner": "nix-community",
        "repo": "nixvim",
        "type": "github"
      }
    },
    "opencode": {
      "inputs": {
        "nixpkgs": "nixpkgs_6"
      },
      "locked": {
        "lastModified": 1778380465,
        "narHash": "sha256-4qyCmYDTNnWuSgDYQuvawhRj2Nh06sAAjSVp78aTKlI=",
        "owner": "anomalyco",
        "repo": "opencode",
        "rev": "d802b0a277f4e7f113b5efd8d5446fc1db22f4a4",
        "type": "github"
      },
      "original": {
        "owner": "anomalyco",
        "ref": "v1.14.46",
        "repo": "opencode",
        "type": "github"
      }
    },
    "pre-commit": {
      "inputs": {
        "flake-compat": "flake-compat_2",
        "gitignore": "gitignore",
        "nixpkgs": [
          "lanzaboote",
          "nixpkgs"
        ]
      },
      "locked": {
        "lastModified": 1778507602,
        "narHash": "sha256-kTwur1wV+01SdqskVMSo6JMEpg71ps3HpbFY2GsflKs=",
        "owner": "cachix",
        "repo": "pre-commit-hooks.nix",
        "rev": "61ab0e80d9c7ab14c256b5b453d8b3fb0189ba0a",
        "type": "github"
      },
      "original": {
        "owner": "cachix",
        "repo": "pre-commit-hooks.nix",
        "type": "github"
      }
    },
    "proxmox-nixos": {
      "inputs": {
        "flake-compat": "flake-compat_4",
        "nixpkgs-libvncserver": "nixpkgs-libvncserver",
        "nixpkgs-stable": "nixpkgs-stable_3",
        "utils": "utils_2"
      },
      "locked": {
        "lastModified": 1773357125,
        "narHash": "sha256-8zOmWniZNVMn22wuznCyyIbCtGXE908J/TX3ZMksiAQ=",
        "owner": "Mewski",
        "repo": "proxmox-nixos",
        "rev": "0cef296be0789fd83e7bdc721576ec3236f25709",
        "type": "github"
      },
      "original": {
        "owner": "Mewski",
        "ref": "deploy",
        "repo": "proxmox-nixos",
        "type": "github"
      }
    },
    "pwndbg": {
      "inputs": {
        "nixpkgs": "nixpkgs_7",
        "pyproject-build-systems": "pyproject-build-systems",
        "pyproject-nix": "pyproject-nix",
        "uv2nix": "uv2nix"
      },
      "locked": {
        "lastModified": 1779016447,
        "narHash": "sha256-wr74dZLvekBVlGAZErWwWV/c0FjSQebo3RJ0jPY3GIQ=",
        "owner": "pwndbg",
        "repo": "pwndbg",
        "rev": "d485221de32442ad8148b5530a40d2ff6fbb2bb4",
        "type": "github"
      },
      "original": {
        "owner": "pwndbg",
        "repo": "pwndbg",
        "type": "github"
      }
    },
    "pyproject-build-systems": {
      "inputs": {
        "nixpkgs": [
          "pwndbg",
          "nixpkgs"
        ],
        "pyproject-nix": [
          "pwndbg",
          "pyproject-nix"
        ],
        "uv2nix": [
          "pwndbg",
          "uv2nix"
        ]
      },
      "locked": {
        "lastModified": 1763662255,
        "narHash": "sha256-4bocaOyLa3AfiS8KrWjZQYu+IAta05u3gYZzZ6zXbT0=",
        "owner": "pyproject-nix",
        "repo": "build-system-pkgs",
        "rev": "042904167604c681a090c07eb6967b4dd4dae88c",
        "type": "github"
      },
      "original": {
        "owner": "pyproject-nix",
        "repo": "build-system-pkgs",
        "type": "github"
      }
    },
    "pyproject-nix": {
      "inputs": {
        "nixpkgs": [
          "pwndbg",
          "nixpkgs"
        ]
      },
      "locked": {
        "lastModified": 1769936401,
        "narHash": "sha256-kwCOegKLZJM9v/e/7cqwg1p/YjjTAukKPqmxKnAZRgA=",
        "owner": "pyproject-nix",
        "repo": "pyproject.nix",
        "rev": "b0d513eeeebed6d45b4f2e874f9afba2021f7812",
        "type": "github"
      },
      "original": {
        "owner": "pyproject-nix",
        "repo": "pyproject.nix",
        "type": "github"
      }
    },
    "root": {
      "inputs": {
        "base16": "base16",
        "binary-ninja": "binary-ninja",
        "claude-code": "claude-code",
        "codex-cli": "codex-cli",
        "deploy-rs": "deploy-rs",
        "disko": "disko",
        "flake-parts": "flake-parts",
        "home-manager": "home-manager",
        "ida-pro": "ida-pro",
        "impermanence": "impermanence",
        "import-tree": "import-tree",
        "installers": "installers",
        "lanzaboote": "lanzaboote",
        "niri": "niri",
        "nix-flatpak": "nix-flatpak",
        "nix-index-database": "nix-index-database",
        "nixcord": "nixcord",
        "nixos-hardware": "nixos-hardware",
        "nixpkgs": "nixpkgs_5",
        "nixpkgs-stable": "nixpkgs-stable_2",
        "nixvim": "nixvim",
        "opencode": "opencode",
        "proxmox-nixos": "proxmox-nixos",
        "pwndbg": "pwndbg",
        "sops-nix": "sops-nix",
        "tinted-theming-schemes": "tinted-theming-schemes",
        "zen-browser": "zen-browser"
      }
    },
    "rust-overlay": {
      "inputs": {
        "nixpkgs": [
          "lanzaboote",
          "nixpkgs"
        ]
      },
      "locked": {
        "lastModified": 1779074409,
        "narHash": "sha256-6aXy8Ga41iLVM8ibddFU1O5+wYWcBGNEfZzZuL91eIc=",
        "owner": "oxalica",
        "repo": "rust-overlay",
        "rev": "2a77b5b1dc952f214e8102acdef1622b68515560",
        "type": "github"
      },
      "original": {
        "owner": "oxalica",
        "repo": "rust-overlay",
        "type": "github"
      }
    },
    "sops-nix": {
      "inputs": {
        "nixpkgs": [
          "nixpkgs"
        ]
      },
      "locked": {
        "lastModified": 1777944972,
        "narHash": "sha256-VfGRo1qTBKOe3s2gOv8LSoA6Fk19PvBlwQ1ECN0Evn8=",
        "owner": "Mic92",
        "repo": "sops-nix",
        "rev": "c591bf665727040c6cc5cb409079acb22dcce33c",
        "type": "github"
      },
      "original": {
        "owner": "Mic92",
        "repo": "sops-nix",
        "type": "github"
      }
    },
    "systems": {
      "locked": {
        "lastModified": 1681028828,
        "narHash": "sha256-Vy1rq5AaRuLzOxct8nz4T6wlgyUR7zLU309k9mBC768=",
        "owner": "nix-systems",
        "repo": "default",
        "rev": "da67096a3b9bf56a91d16901293e51ba5b49a27e",
        "type": "github"
      },
      "original": {
        "owner": "nix-systems",
        "repo": "default",
        "type": "github"
      }
    },
    "systems_2": {
      "locked": {
        "lastModified": 1681028828,
        "narHash": "sha256-Vy1rq5AaRuLzOxct8nz4T6wlgyUR7zLU309k9mBC768=",
        "owner": "nix-systems",
        "repo": "default",
        "rev": "da67096a3b9bf56a91d16901293e51ba5b49a27e",
        "type": "github"
      },
      "original": {
        "owner": "nix-systems",
        "repo": "default",
        "type": "github"
      }
    },
    "systems_3": {
      "locked": {
        "lastModified": 1681028828,
        "narHash": "sha256-Vy1rq5AaRuLzOxct8nz4T6wlgyUR7zLU309k9mBC768=",
        "owner": "nix-systems",
        "repo": "default",
        "rev": "da67096a3b9bf56a91d16901293e51ba5b49a27e",
        "type": "github"
      },
      "original": {
        "owner": "nix-systems",
        "repo": "default",
        "type": "github"
      }
    },
    "systems_4": {
      "locked": {
        "lastModified": 1681028828,
        "narHash": "sha256-Vy1rq5AaRuLzOxct8nz4T6wlgyUR7zLU309k9mBC768=",
        "owner": "nix-systems",
        "repo": "default",
        "rev": "da67096a3b9bf56a91d16901293e51ba5b49a27e",
        "type": "github"
      },
      "original": {
        "owner": "nix-systems",
        "repo": "default",
        "type": "github"
      }
    },
    "systems_5": {
      "locked": {
        "lastModified": 1681028828,
        "narHash": "sha256-Vy1rq5AaRuLzOxct8nz4T6wlgyUR7zLU309k9mBC768=",
        "owner": "nix-systems",
        "repo": "default",
        "rev": "da67096a3b9bf56a91d16901293e51ba5b49a27e",
        "type": "github"
      },
      "original": {
        "owner": "nix-systems",
        "repo": "default",
        "type": "github"
      }
    },
    "systems_6": {
      "locked": {
        "lastModified": 1681028828,
        "narHash": "sha256-Vy1rq5AaRuLzOxct8nz4T6wlgyUR7zLU309k9mBC768=",
        "owner": "nix-systems",
        "repo": "default",
        "rev": "da67096a3b9bf56a91d16901293e51ba5b49a27e",
        "type": "github"
      },
      "original": {
        "owner": "nix-systems",
        "repo": "default",
        "type": "github"
      }
    },
    "systems_7": {
      "locked": {
        "lastModified": 1681028828,
        "narHash": "sha256-Vy1rq5AaRuLzOxct8nz4T6wlgyUR7zLU309k9mBC768=",
        "owner": "nix-systems",
        "repo": "default",
        "rev": "da67096a3b9bf56a91d16901293e51ba5b49a27e",
        "type": "github"
      },
      "original": {
        "owner": "nix-systems",
        "repo": "default",
        "type": "github"
      }
    },
    "tinted-theming-schemes": {
      "flake": false,
      "locked": {
        "lastModified": 1777806186,
        "narHash": "sha256-PDF0/wObw4nIsSBeXVYLsloXOiphXCgIdsrNcVXguKs=",
        "owner": "tinted-theming",
        "repo": "schemes",
        "rev": "0c94645546f4f3ddac77a1a5fce54eb95bf50795",
        "type": "github"
      },
      "original": {
        "owner": "tinted-theming",
        "repo": "schemes",
        "type": "github"
      }
    },
    "utils": {
      "inputs": {
        "systems": "systems_4"
      },
      "locked": {
        "lastModified": 1731533236,
        "narHash": "sha256-l0KFg5HjrsfsO/JpG+r7fRrqm12kzFHyUHqHCVpMMbI=",
        "owner": "numtide",
        "repo": "flake-utils",
        "rev": "11707dc2f618dd54ca8739b309ec4fc024de578b",
        "type": "github"
      },
      "original": {
        "owner": "numtide",
        "repo": "flake-utils",
        "type": "github"
      }
    },
    "utils_2": {
      "inputs": {
        "systems": "systems_7"
      },
      "locked": {
        "lastModified": 1731533236,
        "narHash": "sha256-l0KFg5HjrsfsO/JpG+r7fRrqm12kzFHyUHqHCVpMMbI=",
        "owner": "numtide",
        "repo": "flake-utils",
        "rev": "11707dc2f618dd54ca8739b309ec4fc024de578b",
        "type": "github"
      },
      "original": {
        "owner": "numtide",
        "repo": "flake-utils",
        "type": "github"
      }
    },
    "uv2nix": {
      "inputs": {
        "nixpkgs": [
          "pwndbg",
          "nixpkgs"
        ],
        "pyproject-nix": [
          "pwndbg",
          "pyproject-nix"
        ]
      },
      "locked": {
        "lastModified": 1769957392,
        "narHash": "sha256-6PkqwwYf5K2CHi2V+faI/9pqjfz/HxUkI/MVid6hlOY=",
        "owner": "pyproject-nix",
        "repo": "uv2nix",
        "rev": "d18bc50ae1c3d4be9c41c2d94ea765524400af75",
        "type": "github"
      },
      "original": {
        "owner": "pyproject-nix",
        "repo": "uv2nix",
        "type": "github"
      }
    },
    "xwayland-satellite-stable": {
      "flake": false,
      "locked": {
        "lastModified": 1755491097,
        "narHash": "sha256-m+9tUfsmBeF2Gn4HWa6vSITZ4Gz1eA1F5Kh62B0N4oE=",
        "owner": "Supreeeme",
        "repo": "xwayland-satellite",
        "rev": "388d291e82ffbc73be18169d39470f340707edaa",
        "type": "github"
      },
      "original": {
        "owner": "Supreeeme",
        "ref": "v0.7",
        "repo": "xwayland-satellite",
        "type": "github"
      }
    },
    "xwayland-satellite-unstable": {
      "flake": false,
      "locked": {
        "lastModified": 1773622265,
        "narHash": "sha256-wToKwH7IgWdGLMSIWksEDs4eumR6UbbsuPQ42r0oTXQ=",
        "owner": "Supreeeme",
        "repo": "xwayland-satellite",
        "rev": "a879e5e0896a326adc79c474bf457b8b99011027",
        "type": "github"
      },
      "original": {
        "owner": "Supreeeme",
        "repo": "xwayland-satellite",
        "type": "github"
      }
    },
    "zen-browser": {
      "inputs": {
        "home-manager": "home-manager_3",
        "nixpkgs": [
          "nixpkgs"
        ]
      },
      "locked": {
        "lastModified": 1779093899,
        "narHash": "sha256-wzHbwUimm45J5r+d4VOi2rrRWwvYimP6OM8BJBIHbYc=",
        "owner": "0xc000022070",
        "repo": "zen-browser-flake",
        "rev": "d21282d88c6bd4b3dc692566c5d84de39f7a96c0",
        "type": "github"
      },
      "original": {
        "owner": "0xc000022070",
        "repo": "zen-browser-flake",
        "type": "github"
      }
    }
  },
  "root": "root",
  "version": 7
}
